
Microsoft Visual Studio Solution File, Format Version 12.00
# Visual Studio Version 16
VisualStudioVersion = 16.0.30523.141
MinimumVisualStudioVersion = 10.0.40219.1
Project("{8BC9CEB8-8B4A-11D0-8D11-00A0C91BC942}") = "PhoneBookLarge", "PhoneBookLarge\PhoneBookLarge.vcxproj", "{836A7DB0-DA77-4514-AA6A-792A52E130DC}"
	ProjectSection(ProjectDependencies) = postProject
		{E2952CF1-1188-45B9-B167-87CEE9B05995} = {E2952CF1-1188-45B9-B167-87CEE9B05995}
	EndProjectSection
EndProject
Project("{8BC9CEB8-8B4A-11D0-8D11-00A0C91BC942}") = "PhoneBookLib", "PhoneBookLib\PhoneBookLib.vcxproj", "{E2952CF1-1188-45B9-B167-87CEE9B05995}"
EndProject
Global
	GlobalSection(SolutionConfigurationPlatforms) = preSolution
		Debug|x64 = Debug|x64
		Debug|x86 = Debug|x86
		Release|x64 = Release|x64
		Release|x86 = Release|x86
	EndGlobalSection
	GlobalSection(ProjectConfigurationPlatforms) = postSolution
		{836A7DB0-DA77-4514-AA6A-792A52E130DC}.Debug|x64.ActiveCfg = Debug|x64
		{836A7DB0-DA77-4514-AA6A-792A52E130DC}.Debug|x64.Build.0 = Debug|x64
		{836A7DB0-DA77-4514-AA6A-792A52E130DC}.Debug|x86.ActiveCfg = Debug|Win32
		{836A7DB0-DA77-4514-AA6A-792A52E130DC}.Debug|x86.Build.0 = Debug|Win32
		{836A7DB0-DA77-4514-AA6A-792A52E130DC}.Release|x64.ActiveCfg = Release|x64
		{836A7DB0-DA77-4514-AA6A-792A52E130DC}.Release|x64.Build.0 = Release|x64
		{836A7DB0-DA77-4514-AA6A-792A52E130DC}.Release|x86.ActiveCfg = Release|Win32
		{836A7DB0-DA77-4514-AA6A-792A52E130DC}.Release|x86.Build.0 = Release|Win32
		{E2952CF1-1188-45B9-B167-87CEE9B05995}.Debug|x64.ActiveCfg = Debug|x64
		{E2952CF1-1188-45B9-B167-87CEE9B05995}.Debug|x64.Build.0 = Debug|x64
		{E2952CF1-1188-45B9-B167-87CEE9B05995}.Debug|x86.ActiveCfg = Debug|Win32
		{E2952CF1-1188-45B9-B167-87CEE9B05995}.Debug|x86.Build.0 = Debug|Win32
		{E2952CF1-1188-45B9-B167-87CEE9B05995}.Release|x64.ActiveCfg = Release|x64
		{E2952CF1-1188-45B9-B167-87CEE9B05995}.Release|x64.Build.0 = Release|x64
		{E2952CF1-1188-45B9-B167-87CEE9B05995}.Release|x86.ActiveCfg = Release|Win32
		{E2952CF1-1188-45B9-B167-87CEE9B05995}.Release|x86.Build.0 = Release|Win32
	EndGlobalSection
	GlobalSection(SolutionProperties) = preSolution
		HideSolutionNode = FALSE
	EndGlobalSection
	GlobalSection(ExtensibilityGlobals) = postSolution
		SolutionGuid = {73F1B3DE-5A1E-4651-AFC2-E0CBA94E9AB8}
	EndGlobalSection
EndGlobal
