
Microsoft Visual Studio Solution File, Format Version 12.00
# Visual Studio Version 16
VisualStudioVersion = 16.0.30503.244
MinimumVisualStudioVersion = 10.0.40219.1
Project("{8BC9CEB8-8B4A-11D0-8D11-00A0C91BC942}") = "Critical_Section", "Critical_Section\Critical_Section.vcxproj", "{CEC87C8B-8FA8-491A-A65B-00DC1C4A5E10}"
EndProject
Project("{8BC9CEB8-8B4A-11D0-8D11-00A0C91BC942}") = "Test_Process", "Test_Process\Test_Process.vcxproj", "{80796D7E-A657-41A9-8B00-8019FF504BE8}"
EndProject
Global
	GlobalSection(SolutionConfigurationPlatforms) = preSolution
		Debug|x64 = Debug|x64
		Debug|x86 = Debug|x86
		Release|x64 = Release|x64
		Release|x86 = Release|x86
	EndGlobalSection
	GlobalSection(ProjectConfigurationPlatforms) = postSolution
		{CEC87C8B-8FA8-491A-A65B-00DC1C4A5E10}.Debug|x64.ActiveCfg = Debug|x64
		{CEC87C8B-8FA8-491A-A65B-00DC1C4A5E10}.Debug|x64.Build.0 = Debug|x64
		{CEC87C8B-8FA8-491A-A65B-00DC1C4A5E10}.Debug|x86.ActiveCfg = Debug|Win32
		{CEC87C8B-8FA8-491A-A65B-00DC1C4A5E10}.Debug|x86.Build.0 = Debug|Win32
		{CEC87C8B-8FA8-491A-A65B-00DC1C4A5E10}.Release|x64.ActiveCfg = Release|x64
		{CEC87C8B-8FA8-491A-A65B-00DC1C4A5E10}.Release|x64.Build.0 = Release|x64
		{CEC87C8B-8FA8-491A-A65B-00DC1C4A5E10}.Release|x86.ActiveCfg = Release|Win32
		{CEC87C8B-8FA8-491A-A65B-00DC1C4A5E10}.Release|x86.Build.0 = Release|Win32
		{80796D7E-A657-41A9-8B00-8019FF504BE8}.Debug|x64.ActiveCfg = Debug|x64
		{80796D7E-A657-41A9-8B00-8019FF504BE8}.Debug|x64.Build.0 = Debug|x64
		{80796D7E-A657-41A9-8B00-8019FF504BE8}.Debug|x86.ActiveCfg = Debug|Win32
		{80796D7E-A657-41A9-8B00-8019FF504BE8}.Debug|x86.Build.0 = Debug|Win32
		{80796D7E-A657-41A9-8B00-8019FF504BE8}.Release|x64.ActiveCfg = Release|x64
		{80796D7E-A657-41A9-8B00-8019FF504BE8}.Release|x64.Build.0 = Release|x64
		{80796D7E-A657-41A9-8B00-8019FF504BE8}.Release|x86.ActiveCfg = Release|Win32
		{80796D7E-A657-41A9-8B00-8019FF504BE8}.Release|x86.Build.0 = Release|Win32
	EndGlobalSection
	GlobalSection(SolutionProperties) = preSolution
		HideSolutionNode = FALSE
	EndGlobalSection
	GlobalSection(ExtensibilityGlobals) = postSolution
		SolutionGuid = {120D56AE-0E92-4A5E-A792-0D188A03F0BD}
	EndGlobalSection
EndGlobal
